<?xml version="1.0" encoding="utf-8"?>
<Project ToolsVersion="4.0" xmlns="http://schemas.microsoft.com/developer/msbuild/2003">
  <ItemGroup>
    <Filter Include="Source">
      <UniqueIdentifier>{4FC737F1-C7A5-4376-A066-2A32D752A2FF}</UniqueIdentifier>
      <Extensions>cpp;c;cc;cxx;c++;cppm;ixx;def;odl;idl;hpj;bat;asm;asmx</Extensions>
    </Filter>
    <Filter Include="Assets">
      <UniqueIdentifier>{7d2ce0eb-c054-4fe8-a9fe-1efa54b53c25}</UniqueIdentifier>
    </Filter>
    <Filter Include="Assets\Space">
      <UniqueIdentifier>{9f650435-4081-4ca5-8638-b1914bf07793}</UniqueIdentifier>
    </Filter>
    <Filter Include="Assets\Platformer">
      <UniqueIdentifier>{0347569d-48c0-471b-8c02-8fb12964f431}</UniqueIdentifier>
    </Filter>
    <Filter Include="Shaders">
      <UniqueIdentifier>{3491326c-e8f0-40b8-b4f1-5ce8662f9e92}</UniqueIdentifier>
    </Filter>
    <Filter Include="Assets\Textures">
      <UniqueIdentifier>{25f2f075-b3b2-492d-8d7f-e3d6baa6ac1d}</UniqueIdentifier>
    </Filter>
    <Filter Include="Assets\Materials">
      <UniqueIdentifier>{52fcfa12-5f81-470b-970f-64867574d4b3}</UniqueIdentifier>
    </Filter>
    <Filter Include="Assets\Scenes">
      <UniqueIdentifier>{3eb3ce58-fb38-4557-8c59-c6447f31eea1}</UniqueIdentifier>
    </Filter>
  </ItemGroup>
  <ItemGroup>
    <ClCompile Include="Main.cpp">
      <Filter>Source</Filter>
    </ClCompile>
    <ClCompile Include="ApplicationPCH.cpp">
      <Filter>Source</Filter>
    </ClCompile>
  </ItemGroup>
  <ItemGroup>
    <ClInclude Include="ApplicationPCH.h">
      <Filter>Source</Filter>
    </ClInclude>
  </ItemGroup>
  <ItemGroup>
    <None Include="..\..\Build\Assets\Meshes\enemy.msh">
      <Filter>Assets\Space</Filter>
    </None>
    <None Include="..\..\Build\Assets\scene.json">
      <Filter>Assets\Space</Filter>
    </None>
    <None Include="..\..\Build\Assets\Platformer\Scenes\prototypes.json">
      <Filter>Assets\Platformer</Filter>
    </None>
    <None Include="..\..\Build\Assets\Platformer\Scenes\level.json">
      <Filter>Assets\Platformer</Filter>
    </None>
    <None Include="..\..\Build\Assets\Platformer\Tilemaps\tilemap.json">
      <Filter>Assets\Platformer</Filter>
    </None>
    <None Include="..\..\Build\Assets\Shaders\basic.vert">
      <Filter>Shaders</Filter>
    </None>
    <None Include="..\..\Build\Assets\Shaders\basic.frag">
      <Filter>Shaders</Filter>
    </None>
    <None Include="..\..\Build\Assets\Shaders\basic_lit.vert">
      <Filter>Shaders</Filter>
    </None>
    <None Include="..\..\Build\Assets\Shaders\basic_lit.frag">
      <Filter>Shaders</Filter>
    </None>
    <None Include="..\..\Build\Assets\Shaders\basic_lit.prog">
      <Filter>Shaders</Filter>
    </None>
    <None Include="..\..\Build\Assets\Materials\abe1.mat">
      <Filter>Assets\Materials</Filter>
    </None>
    <None Include="..\..\Build\Assets\Shaders\basic_phong.frag">
      <Filter>Shaders</Filter>
    </None>
    <None Include="..\..\Build\Assets\Shaders\basic_phong.prog">
      <Filter>Shaders</Filter>
    </None>
    <None Include="..\..\Build\Assets\Shaders\basic_phong.vert">
      <Filter>Shaders</Filter>
    </None>
    <None Include="..\..\Build\Assets\Scenes\scene01.json">
      <Filter>Assets\Scenes</Filter>
    </None>
    <None Include="..\..\Build\Assets\Materials\tree.mat">
      <Filter>Assets\Materials</Filter>
    </None>
    <None Include="..\..\Build\Assets\Scenes\scene02.json">
      <Filter>Assets\Scenes</Filter>
    </None>
  </ItemGroup>
  <ItemGroup>
    <Image Include="..\..\Build\Assets\Textures\beast.png">
      <Filter>Assets\Textures</Filter>
    </Image>
  </ItemGroup>
</Project>